
Microsoft Visual Studio Solution File, Format Version 12.00
# Visual Studio 15
VisualStudioVersion = 15.0.28010.2016
MinimumVisualStudioVersion = 10.0.40219.1
Project("{FAE04EC0-301F-11D3-BF4B-00C04F79EFBC}") = "RpgCharacterGenerator", "RpgCharacterGenerator.csproj", "{5004222F-36B5-4992-A07E-2214B7F84DEB}"
EndProject
Global
	GlobalSection(SolutionConfigurationPlatforms) = preSolution
		Debug|Any CPU = Debug|Any CPU
		Release|Any CPU = Release|Any CPU
	EndGlobalSection
	GlobalSection(ProjectConfigurationPlatforms) = postSolution
		{5004222F-36B5-4992-A07E-2214B7F84DEB}.Debug|Any CPU.ActiveCfg = Debug|Any CPU
		{5004222F-36B5-4992-A07E-2214B7F84DEB}.Debug|Any CPU.Build.0 = Debug|Any CPU
		{5004222F-36B5-4992-A07E-2214B7F84DEB}.Release|Any CPU.ActiveCfg = Release|Any CPU
		{5004222F-36B5-4992-A07E-2214B7F84DEB}.Release|Any CPU.Build.0 = Release|Any CPU
	EndGlobalSection
	GlobalSection(SolutionProperties) = preSolution
		HideSolutionNode = FALSE
	EndGlobalSection
	GlobalSection(ExtensibilityGlobals) = postSolution
		SolutionGuid = {36AB53C3-598F-4D53-9C12-201057F89CF5}
	EndGlobalSection
EndGlobal
